
Microsoft Visual Studio Solution File, Format Version 12.00
# Visual Studio 15
VisualStudioVersion = 15.0.26228.9
MinimumVisualStudioVersion = 10.0.40219.1
Project("{2150E333-8FDC-42A3-9474-1A3956D46DE8}") = "src", "src", "{2A5B93E3-AC3B-4080-BE8B-DDF2AC907D6C}"
EndProject
Project("{2150E333-8FDC-42A3-9474-1A3956D46DE8}") = "Solution Items", "Solution Items", "{C887CC0A-2091-43DB-B212-88A41716B257}"
	ProjectSection(SolutionItems) = preProject
		.dockerignore = .dockerignore
		docker-compose.override.yml = docker-compose.override.yml
		docker-compose.yml = docker-compose.yml
	EndProjectSection
EndProject
Project("{9A19103F-16F7-4668-BE54-9A1E7A4F7556}") = "GPONMonitor", "src\GPONMonitor\GPONMonitor.csproj", "{DF0C9E45-CF8E-4C9E-B5C7-1DF1B62E1ADE}"
EndProject
Project("{9A19103F-16F7-4668-BE54-9A1E7A4F7556}") = "tests", "tests\tests.csproj", "{A959D1F7-CFDB-43D3-9DF9-A113351725E1}"
EndProject
Global
	GlobalSection(SolutionConfigurationPlatforms) = preSolution
		Debug|Any CPU = Debug|Any CPU
		Release|Any CPU = Release|Any CPU
	EndGlobalSection
	GlobalSection(ProjectConfigurationPlatforms) = postSolution
		{DF0C9E45-CF8E-4C9E-B5C7-1DF1B62E1ADE}.Debug|Any CPU.ActiveCfg = Debug|Any CPU
		{DF0C9E45-CF8E-4C9E-B5C7-1DF1B62E1ADE}.Debug|Any CPU.Build.0 = Debug|Any CPU
		{DF0C9E45-CF8E-4C9E-B5C7-1DF1B62E1ADE}.Release|Any CPU.ActiveCfg = Release|Any CPU
		{DF0C9E45-CF8E-4C9E-B5C7-1DF1B62E1ADE}.Release|Any CPU.Build.0 = Release|Any CPU
		{A959D1F7-CFDB-43D3-9DF9-A113351725E1}.Debug|Any CPU.ActiveCfg = Debug|Any CPU
		{A959D1F7-CFDB-43D3-9DF9-A113351725E1}.Debug|Any CPU.Build.0 = Debug|Any CPU
		{A959D1F7-CFDB-43D3-9DF9-A113351725E1}.Release|Any CPU.ActiveCfg = Release|Any CPU
		{A959D1F7-CFDB-43D3-9DF9-A113351725E1}.Release|Any CPU.Build.0 = Release|Any CPU
	EndGlobalSection
	GlobalSection(SolutionProperties) = preSolution
		HideSolutionNode = FALSE
	EndGlobalSection
	GlobalSection(NestedProjects) = preSolution
		{DF0C9E45-CF8E-4C9E-B5C7-1DF1B62E1ADE} = {2A5B93E3-AC3B-4080-BE8B-DDF2AC907D6C}
	EndGlobalSection
	GlobalSection(ExtensibilityGlobals) = postSolution
		SolutionGuid = {7B1CA605-7ABF-4FF9-85A3-17338699528E}
	EndGlobalSection
EndGlobal
